{
  "requires": true,
  "lockfileVersion": 1,
  "dependencies": {
    "prettier": {
      "version": "1.12.1",
      "resolved": "http://registry.npm.taobao.org/prettier/download/prettier-1.12.1.tgz",
      "integrity": "sha1-wa0g6APndJ+vkFpAnSNn4Gu+cyU="
    },
    "wx-ant-ble": {
      "version": "1.1.1",
      "resolved": "https://registry.npmjs.org/wx-ant-ble/-/wx-ant-ble-1.1.1.tgz",
      "integrity": "sha512-WvmPCnV8XK5lYCrotudjSaAuu0jXjOUZktNwP0vQV8DoD8KVZOuadV3lGSVUp0d2b2a6i9q0FofnwTvRxAtR4g=="
    }
  }
}
